
Microsoft Visual Studio Solution File, Format Version 12.00
# Visual Studio Version 16
VisualStudioVersion = 16.0.30711.63
MinimumVisualStudioVersion = 10.0.40219.1
Project("{9A19103F-16F7-4668-BE54-9A1E7A4F7556}") = "BookList", "BooksList\BookList.csproj", "{063EB634-0C9C-478D-BA60-6B797E5125E2}"
EndProject
Project("{FAE04EC0-301F-11D3-BF4B-00C04F79EFBC}") = "BookListTest", "BookListTest\BookListTest.csproj", "{ED9C3C22-C4F2-4FAB-A040-7A14D397A6A3}"
EndProject
Global
	GlobalSection(SolutionConfigurationPlatforms) = preSolution
		Debug|Any CPU = Debug|Any CPU
		Release|Any CPU = Release|Any CPU
	EndGlobalSection
	GlobalSection(ProjectConfigurationPlatforms) = postSolution
		{063EB634-0C9C-478D-BA60-6B797E5125E2}.Debug|Any CPU.ActiveCfg = Debug|Any CPU
		{063EB634-0C9C-478D-BA60-6B797E5125E2}.Debug|Any CPU.Build.0 = Debug|Any CPU
		{063EB634-0C9C-478D-BA60-6B797E5125E2}.Release|Any CPU.ActiveCfg = Release|Any CPU
		{063EB634-0C9C-478D-BA60-6B797E5125E2}.Release|Any CPU.Build.0 = Release|Any CPU
		{ED9C3C22-C4F2-4FAB-A040-7A14D397A6A3}.Debug|Any CPU.ActiveCfg = Debug|Any CPU
		{ED9C3C22-C4F2-4FAB-A040-7A14D397A6A3}.Debug|Any CPU.Build.0 = Debug|Any CPU
		{ED9C3C22-C4F2-4FAB-A040-7A14D397A6A3}.Release|Any CPU.ActiveCfg = Release|Any CPU
		{ED9C3C22-C4F2-4FAB-A040-7A14D397A6A3}.Release|Any CPU.Build.0 = Release|Any CPU
	EndGlobalSection
	GlobalSection(SolutionProperties) = preSolution
		HideSolutionNode = FALSE
	EndGlobalSection
	GlobalSection(ExtensibilityGlobals) = postSolution
		SolutionGuid = {E9904C46-B2DD-46B1-955B-B99C0531BD40}
	EndGlobalSection
EndGlobal
